# THIS IS AN AUTOGENERATED FILE. DO NOT EDIT THIS FILE DIRECTLY.
# yarn lockfile v1


pspdfkit@~2022.3.2:
  version "2022.3.2"
  resolved "https://registry.yarnpkg.com/pspdfkit/-/pspdfkit-2022.3.2.tgz#1d02dd6e340f21635b13770b304070d7eecd9817"
  integrity sha512-RNTYHNhaoTIVtC1lNe1HOtP2jc5vb8WeCHWt6gWIYDbssUVRj5GIvsfqrz4k3TU2WSOSmN4IQhhsJh/xj2xPoQ==
