# THIS IS AN AUTOGENERATED FILE. DO NOT EDIT THIS FILE DIRECTLY.
# yarn lockfile v1


pspdfkit@~2022.2.3:
  version "2022.2.3"
  resolved "https://registry.yarnpkg.com/pspdfkit/-/pspdfkit-2022.2.3.tgz#3e42ccb6c3d43f41664a72841243482cceb6770e"
  integrity sha512-RjiGHsSmy4atTB1wDkpl6uT6UoMATFZgbs/Ri+aU20Er3JtyxwAwO+4brs7gUAEbOt4RAMs6ql5B7P8MpBtKfw==
